// !$*UTF8*$!
{
	archiveVersion = 1;
	classes = {
	};
	objectVersion = 55;
	objects = {

/* Begin PBXBuildFile section */
		F02A437727381EB9003552F1 /* main.cpp in Sources */ = {isa = PBXBuildFile; fileRef = F02A437627381EB9003552F1 /* main.cpp */; };
		F02A437F2738204A003552F1 /* Metal.framework in Frameworks */ = {isa = PBXBuildFile; fileRef = F02A437E2738204A003552F1 /* Metal.framework */; };
		F02A4382273820D6003552F1 /* libGLEW.2.2.0.dylib in Frameworks */ = {isa = PBXBuildFile; fileRef = F02A4380273820D6003552F1 /* libGLEW.2.2.0.dylib */; };
		F02A4383273820D6003552F1 /* libglfw.3.3.dylib in Frameworks */ = {isa = PBXBuildFile; fileRef = F02A4381273820D6003552F1 /* libglfw.3.3.dylib */; };
		F02A438527382104003552F1 /* glad.c in Sources */ = {isa = PBXBuildFile; fileRef = F02A438427382104003552F1 /* glad.c */; };
		F02A4389273821D3003552F1 /* libglfw.3.3.dylib in Frameworks */ = {isa = PBXBuildFile; fileRef = F02A4387273821D3003552F1 /* libglfw.3.3.dylib */; };
		F02A438A273821D3003552F1 /* libGLEW.2.2.0.dylib in Frameworks */ = {isa = PBXBuildFile; fileRef = F02A4388273821D3003552F1 /* libGLEW.2.2.0.dylib */; };
/* End PBXBuildFile section */

/* Begin PBXCopyFilesBuildPhase section */
		F02A437127381EB9003552F1 /* CopyFiles */ = {
			isa = PBXCopyFilesBuildPhase;
			buildActionMask = 2147483647;
			dstPath = /usr/share/man/man1/;
			dstSubfolderSpec = 0;
			files = (
			);
			runOnlyForDeploymentPostprocessing = 1;
		};
/* End PBXCopyFilesBuildPhase section */

/* Begin PBXFileReference section */
		F02A437327381EB9003552F1 /* textureexample */ = {isa = PBXFileReference; explicitFileType = "compiled.mach-o.executable"; includeInIndex = 0; path = textureexample; sourceTree = BUILT_PRODUCTS_DIR; };
		F02A437627381EB9003552F1 /* main.cpp */ = {isa = PBXFileReference; lastKnownFileType = sourcecode.cpp.cpp; path = main.cpp; sourceTree = "<group>"; };
		F02A437E2738204A003552F1 /* Metal.framework */ = {isa = PBXFileReference; lastKnownFileType = wrapper.framework; name = Metal.framework; path = System/Library/Frameworks/Metal.framework; sourceTree = SDKROOT; };
		F02A4380273820D6003552F1 /* libGLEW.2.2.0.dylib */ = {isa = PBXFileReference; lastKnownFileType = "compiled.mach-o.dylib"; name = libGLEW.2.2.0.dylib; path = ../../drawtriangle/drawtriangle/drawtriangle/lib/libGLEW.2.2.0.dylib; sourceTree = "<group>"; };
		F02A4381273820D6003552F1 /* libglfw.3.3.dylib */ = {isa = PBXFileReference; lastKnownFileType = "compiled.mach-o.dylib"; name = libglfw.3.3.dylib; path = ../../drawtriangle/drawtriangle/drawtriangle/lib/libglfw.3.3.dylib; sourceTree = "<group>"; };
		F02A438427382104003552F1 /* glad.c */ = {isa = PBXFileReference; fileEncoding = 4; lastKnownFileType = sourcecode.c.c; name = glad.c; path = ../../glad/src/glad.c; sourceTree = "<group>"; };
		F02A438627382112003552F1 /* textureexample.entitlements */ = {isa = PBXFileReference; lastKnownFileType = text.plist.entitlements; path = textureexample.entitlements; sourceTree = "<group>"; };
		F02A4387273821D3003552F1 /* libglfw.3.3.dylib */ = {isa = PBXFileReference; lastKnownFileType = "compiled.mach-o.dylib"; name = libglfw.3.3.dylib; path = textureexample/lib/libglfw.3.3.dylib; sourceTree = "<group>"; };
		F02A4388273821D3003552F1 /* libGLEW.2.2.0.dylib */ = {isa = PBXFileReference; lastKnownFileType = "compiled.mach-o.dylib"; name = libGLEW.2.2.0.dylib; path = textureexample/lib/libGLEW.2.2.0.dylib; sourceTree = "<group>"; };
		F02A438B273822A2003552F1 /* shaders.h */ = {isa = PBXFileReference; lastKnownFileType = sourcecode.c.h; path = shaders.h; sourceTree = "<group>"; };
		F02A438C273827D1003552F1 /* stb_image.h */ = {isa = PBXFileReference; fileEncoding = 4; lastKnownFileType = sourcecode.c.h; name = stb_image.h; path = ../../stb_image.h; sourceTree = "<group>"; };
/* End PBXFileReference section */

/* Begin PBXFrameworksBuildPhase section */
		F02A437027381EB9003552F1 /* Frameworks */ = {
			isa = PBXFrameworksBuildPhase;
			buildActionMask = 2147483647;
			files = (
				F02A4389273821D3003552F1 /* libglfw.3.3.dylib in Frameworks */,
				F02A438A273821D3003552F1 /* libGLEW.2.2.0.dylib in Frameworks */,
				F02A4382273820D6003552F1 /* libGLEW.2.2.0.dylib in Frameworks */,
				F02A4383273820D6003552F1 /* libglfw.3.3.dylib in Frameworks */,
				F02A437F2738204A003552F1 /* Metal.framework in Frameworks */,
			);
			runOnlyForDeploymentPostprocessing = 0;
		};
/* End PBXFrameworksBuildPhase section */

/* Begin PBXGroup section */
		F02A436A27381EB9003552F1 = {
			isa = PBXGroup;
			children = (
				F02A438C273827D1003552F1 /* stb_image.h */,
				F02A438B273822A2003552F1 /* shaders.h */,
				F02A438427382104003552F1 /* glad.c */,
				F02A437527381EB9003552F1 /* textureexample */,
				F02A437427381EB9003552F1 /* Products */,
				F02A437D2738204A003552F1 /* Frameworks */,
			);
			sourceTree = "<group>";
		};
		F02A437427381EB9003552F1 /* Products */ = {
			isa = PBXGroup;
			children = (
				F02A437327381EB9003552F1 /* textureexample */,
			);
			name = Products;
			sourceTree = "<group>";
		};
		F02A437527381EB9003552F1 /* textureexample */ = {
			isa = PBXGroup;
			children = (
				F02A438627382112003552F1 /* textureexample.entitlements */,
				F02A437627381EB9003552F1 /* main.cpp */,
			);
			path = textureexample;
			sourceTree = "<group>";
		};
		F02A437D2738204A003552F1 /* Frameworks */ = {
			isa = PBXGroup;
			children = (
				F02A4380273820D6003552F1 /* libGLEW.2.2.0.dylib */,
				F02A4388273821D3003552F1 /* libGLEW.2.2.0.dylib */,
				F02A4381273820D6003552F1 /* libglfw.3.3.dylib */,
				F02A4387273821D3003552F1 /* libglfw.3.3.dylib */,
				F02A437E2738204A003552F1 /* Metal.framework */,
			);
			name = Frameworks;
			sourceTree = "<group>";
		};
/* End PBXGroup section */

/* Begin PBXNativeTarget section */
		F02A437227381EB9003552F1 /* textureexample */ = {
			isa = PBXNativeTarget;
			buildConfigurationList = F02A437A27381EB9003552F1 /* Build configuration list for PBXNativeTarget "textureexample" */;
			buildPhases = (
				F02A436F27381EB9003552F1 /* Sources */,
				F02A437027381EB9003552F1 /* Frameworks */,
				F02A437127381EB9003552F1 /* CopyFiles */,
			);
			buildRules = (
			);
			dependencies = (
			);
			name = textureexample;
			productName = textureexample;
			productReference = F02A437327381EB9003552F1 /* textureexample */;
			productType = "com.apple.product-type.tool";
		};
/* End PBXNativeTarget section */

/* Begin PBXProject section */
		F02A436B27381EB9003552F1 /* Project object */ = {
			isa = PBXProject;
			attributes = {
				BuildIndependentTargetsInParallel = 1;
				LastUpgradeCheck = 1310;
				TargetAttributes = {
					F02A437227381EB9003552F1 = {
						CreatedOnToolsVersion = 13.1;
					};
				};
			};
			buildConfigurationList = F02A436E27381EB9003552F1 /* Build configuration list for PBXProject "textureexample" */;
			compatibilityVersion = "Xcode 13.0";
			developmentRegion = en;
			hasScannedForEncodings = 0;
			knownRegions = (
				en,
				Base,
			);
			mainGroup = F02A436A27381EB9003552F1;
			productRefGroup = F02A437427381EB9003552F1 /* Products */;
			projectDirPath = "";
			projectRoot = "";
			targets = (
				F02A437227381EB9003552F1 /* textureexample */,
			);
		};
/* End PBXProject section */

/* Begin PBXSourcesBuildPhase section */
		F02A436F27381EB9003552F1 /* Sources */ = {
			isa = PBXSourcesBuildPhase;
			buildActionMask = 2147483647;
			files = (
				F02A437727381EB9003552F1 /* main.cpp in Sources */,
				F02A438527382104003552F1 /* glad.c in Sources */,
			);
			runOnlyForDeploymentPostprocessing = 0;
		};
/* End PBXSourcesBuildPhase section */

/* Begin XCBuildConfiguration section */
		F02A437827381EB9003552F1 /* Debug */ = {
			isa = XCBuildConfiguration;
			buildSettings = {
				ALWAYS_SEARCH_USER_PATHS = NO;
				CLANG_ANALYZER_NONNULL = YES;
				CLANG_ANALYZER_NUMBER_OBJECT_CONVERSION = YES_AGGRESSIVE;
				CLANG_CXX_LANGUAGE_STANDARD = "gnu++17";
				CLANG_CXX_LIBRARY = "libc++";
				CLANG_ENABLE_MODULES = YES;
				CLANG_ENABLE_OBJC_ARC = YES;
				CLANG_ENABLE_OBJC_WEAK = YES;
				CLANG_WARN_BLOCK_CAPTURE_AUTORELEASING = YES;
				CLANG_WARN_BOOL_CONVERSION = YES;
				CLANG_WARN_COMMA = YES;
				CLANG_WARN_CONSTANT_CONVERSION = YES;
				CLANG_WARN_DEPRECATED_OBJC_IMPLEMENTATIONS = YES;
				CLANG_WARN_DIRECT_OBJC_ISA_USAGE = YES_ERROR;
				CLANG_WARN_DOCUMENTATION_COMMENTS = YES;
				CLANG_WARN_EMPTY_BODY = YES;
				CLANG_WARN_ENUM_CONVERSION = YES;
				CLANG_WARN_INFINITE_RECURSION = YES;
				CLANG_WARN_INT_CONVERSION = YES;
				CLANG_WARN_NON_LITERAL_NULL_CONVERSION = YES;
				CLANG_WARN_OBJC_IMPLICIT_RETAIN_SELF = YES;
				CLANG_WARN_OBJC_LITERAL_CONVERSION = YES;
				CLANG_WARN_OBJC_ROOT_CLASS = YES_ERROR;
				CLANG_WARN_QUOTED_INCLUDE_IN_FRAMEWORK_HEADER = YES;
				CLANG_WARN_RANGE_LOOP_ANALYSIS = YES;
				CLANG_WARN_STRICT_PROTOTYPES = YES;
				CLANG_WARN_SUSPICIOUS_MOVE = YES;
				CLANG_WARN_UNGUARDED_AVAILABILITY = YES_AGGRESSIVE;
				CLANG_WARN_UNREACHABLE_CODE = YES;
				CLANG_WARN__DUPLICATE_METHOD_MATCH = YES;
				COPY_PHASE_STRIP = NO;
				DEBUG_INFORMATION_FORMAT = dwarf;
				ENABLE_STRICT_OBJC_MSGSEND = YES;
				ENABLE_TESTABILITY = YES;
				GCC_C_LANGUAGE_STANDARD = gnu11;
				GCC_DYNAMIC_NO_PIC = NO;
				GCC_NO_COMMON_BLOCKS = YES;
				GCC_OPTIMIZATION_LEVEL = 0;
				GCC_PREPROCESSOR_DEFINITIONS = (
					"DEBUG=1",
					"$(inherited)",
				);
				GCC_WARN_64_TO_32_BIT_CONVERSION = YES;
				GCC_WARN_ABOUT_RETURN_TYPE = YES_ERROR;
				GCC_WARN_UNDECLARED_SELECTOR = YES;
				GCC_WARN_UNINITIALIZED_AUTOS = YES_AGGRESSIVE;
				GCC_WARN_UNUSED_FUNCTION = YES;
				GCC_WARN_UNUSED_VARIABLE = YES;
				MACOSX_DEPLOYMENT_TARGET = 12.0;
				MTL_ENABLE_DEBUG_INFO = INCLUDE_SOURCE;
				MTL_FAST_MATH = YES;
				ONLY_ACTIVE_ARCH = YES;
				SDKROOT = macosx;
			};
			name = Debug;
		};
		F02A437927381EB9003552F1 /* Release */ = {
			isa = XCBuildConfiguration;
			buildSettings = {
				ALWAYS_SEARCH_USER_PATHS = NO;
				CLANG_ANALYZER_NONNULL = YES;
				CLANG_ANALYZER_NUMBER_OBJECT_CONVERSION = YES_AGGRESSIVE;
				CLANG_CXX_LANGUAGE_STANDARD = "gnu++17";
				CLANG_CXX_LIBRARY = "libc++";
				CLANG_ENABLE_MODULES = YES;
				CLANG_ENABLE_OBJC_ARC = YES;
				CLANG_ENABLE_OBJC_WEAK = YES;
				CLANG_WARN_BLOCK_CAPTURE_AUTORELEASING = YES;
				CLANG_WARN_BOOL_CONVERSION = YES;
				CLANG_WARN_COMMA = YES;
				CLANG_WARN_CONSTANT_CONVERSION = YES;
				CLANG_WARN_DEPRECATED_OBJC_IMPLEMENTATIONS = YES;
				CLANG_WARN_DIRECT_OBJC_ISA_USAGE = YES_ERROR;
				CLANG_WARN_DOCUMENTATION_COMMENTS = YES;
				CLANG_WARN_EMPTY_BODY = YES;
				CLANG_WARN_ENUM_CONVERSION = YES;
				CLANG_WARN_INFINITE_RECURSION = YES;
				CLANG_WARN_INT_CONVERSION = YES;
				CLANG_WARN_NON_LITERAL_NULL_CONVERSION = YES;
				CLANG_WARN_OBJC_IMPLICIT_RETAIN_SELF = YES;
				CLANG_WARN_OBJC_LITERAL_CONVERSION = YES;
				CLANG_WARN_OBJC_ROOT_CLASS = YES_ERROR;
				CLANG_WARN_QUOTED_INCLUDE_IN_FRAMEWORK_HEADER = YES;
				CLANG_WARN_RANGE_LOOP_ANALYSIS = YES;
				CLANG_WARN_STRICT_PROTOTYPES = YES;
				CLANG_WARN_SUSPICIOUS_MOVE = YES;
				CLANG_WARN_UNGUARDED_AVAILABILITY = YES_AGGRESSIVE;
				CLANG_WARN_UNREACHABLE_CODE = YES;
				CLANG_WARN__DUPLICATE_METHOD_MATCH = YES;
				COPY_PHASE_STRIP = NO;
				DEBUG_INFORMATION_FORMAT = "dwarf-with-dsym";
				ENABLE_NS_ASSERTIONS = NO;
				ENABLE_STRICT_OBJC_MSGSEND = YES;
				GCC_C_LANGUAGE_STANDARD = gnu11;
				GCC_NO_COMMON_BLOCKS = YES;
				GCC_WARN_64_TO_32_BIT_CONVERSION = YES;
				GCC_WARN_ABOUT_RETURN_TYPE = YES_ERROR;
				GCC_WARN_UNDECLARED_SELECTOR = YES;
				GCC_WARN_UNINITIALIZED_AUTOS = YES_AGGRESSIVE;
				GCC_WARN_UNUSED_FUNCTION = YES;
				GCC_WARN_UNUSED_VARIABLE = YES;
				MACOSX_DEPLOYMENT_TARGET = 12.0;
				MTL_ENABLE_DEBUG_INFO = NO;
				MTL_FAST_MATH = YES;
				SDKROOT = macosx;
			};
			name = Release;
		};
		F02A437B27381EB9003552F1 /* Debug */ = {
			isa = XCBuildConfiguration;
			buildSettings = {
				CODE_SIGN_ENTITLEMENTS = textureexample/textureexample.entitlements;
				CODE_SIGN_STYLE = Automatic;
				DEVELOPMENT_TEAM = VZ7AF7XTZF;
				ENABLE_HARDENED_RUNTIME = YES;
				HEADER_SEARCH_PATHS = (
					"/usr/local/Cellar/glew/2.2.0/include/**",
					"/usr/local/Cellar/glfw/3.3.2/include/**",
					"/Users/shanks/Workspace/opengl/opengl/glad/include/**",
					"/Users/shanks/Workspace/opengl/opengl/**",
				);
				LIBRARY_SEARCH_PATHS = (
					"$(inherited)",
					"$(PROJECT_DIR)/textureexample/lib",
				);
				PRODUCT_NAME = "$(TARGET_NAME)";
			};
			name = Debug;
		};
		F02A437C27381EB9003552F1 /* Release */ = {
			isa = XCBuildConfiguration;
			buildSettings = {
				CODE_SIGN_ENTITLEMENTS = textureexample/textureexample.entitlements;
				CODE_SIGN_STYLE = Automatic;
				DEVELOPMENT_TEAM = VZ7AF7XTZF;
				ENABLE_HARDENED_RUNTIME = YES;
				HEADER_SEARCH_PATHS = (
					"/usr/local/Cellar/glew/2.2.0/include/**",
					"/usr/local/Cellar/glfw/3.3.2/include/**",
					"/Users/shanks/Workspace/opengl/opengl/glad/include/**",
					"/Users/shanks/Workspace/opengl/opengl/**",
				);
				LIBRARY_SEARCH_PATHS = (
					"$(inherited)",
					"$(PROJECT_DIR)/textureexample/lib",
				);
				PRODUCT_NAME = "$(TARGET_NAME)";
			};
			name = Release;
		};
/* End XCBuildConfiguration section */

/* Begin XCConfigurationList section */
		F02A436E27381EB9003552F1 /* Build configuration list for PBXProject "textureexample" */ = {
			isa = XCConfigurationList;
			buildConfigurations = (
				F02A437827381EB9003552F1 /* Debug */,
				F02A437927381EB9003552F1 /* Release */,
			);
			defaultConfigurationIsVisible = 0;
			defaultConfigurationName = Release;
		};
		F02A437A27381EB9003552F1 /* Build configuration list for PBXNativeTarget "textureexample" */ = {
			isa = XCConfigurationList;
			buildConfigurations = (
				F02A437B27381EB9003552F1 /* Debug */,
				F02A437C27381EB9003552F1 /* Release */,
			);
			defaultConfigurationIsVisible = 0;
			defaultConfigurationName = Release;
		};
/* End XCConfigurationList section */
	};
	rootObject = F02A436B27381EB9003552F1 /* Project object */;
}
